// !$*UTF8*$!
{
	archiveVersion = 1;
	classes = {
	};
	objectVersion = 52;
	objects = {

/* Begin PBXBuildFile section */
		C42FD0A72486744C00959C9C /* AppDelegate.swift in Sources */ = {isa = PBXBuildFile; fileRef = C42FD0A62486744C00959C9C /* AppDelegate.swift */; };
		C42FD0A92486744C00959C9C /* SceneDelegate.swift in Sources */ = {isa = PBXBuildFile; fileRef = C42FD0A82486744C00959C9C /* SceneDelegate.swift */; };
		C42FD0AB2486744C00959C9C /* ContentView.swift in Sources */ = {isa = PBXBuildFile; fileRef = C42FD0AA2486744C00959C9C /* ContentView.swift */; };
		C42FD0AD2486744E00959C9C /* Assets.xcassets in Resources */ = {isa = PBXBuildFile; fileRef = C42FD0AC2486744E00959C9C /* Assets.xcassets */; };
		C42FD0B02486744E00959C9C /* Preview Assets.xcassets in Resources */ = {isa = PBXBuildFile; fileRef = C42FD0AF2486744E00959C9C /* Preview Assets.xcassets */; };
		C42FD0B32486744E00959C9C /* LaunchScreen.storyboard in Resources */ = {isa = PBXBuildFile; fileRef = C42FD0B12486744E00959C9C /* LaunchScreen.storyboard */; };
		C4BC713524957EFF0022E3C1 /* EmitterView.swift in Sources */ = {isa = PBXBuildFile; fileRef = C4BC713424957EFF0022E3C1 /* EmitterView.swift */; };
		C4BC713824965B190022E3C1 /* Satisfaction.ttf in Resources */ = {isa = PBXBuildFile; fileRef = C4BC713724965B190022E3C1 /* Satisfaction.ttf */; };
		C4BC713A2496BF7F0022E3C1 /* Playground.swift in Sources */ = {isa = PBXBuildFile; fileRef = C4BC71392496BF7F0022E3C1 /* Playground.swift */; };
		C4C4870B24929A9E0031993F /* ButtonStyles.swift in Sources */ = {isa = PBXBuildFile; fileRef = C4C4870A24929A9E0031993F /* ButtonStyles.swift */; };
		C4C4870D24929C340031993F /* Utilities.swift in Sources */ = {isa = PBXBuildFile; fileRef = C4C4870C24929C340031993F /* Utilities.swift */; };
		C4C4871024929FBC0031993F /* URLImage in Frameworks */ = {isa = PBXBuildFile; productRef = C4C4870F24929FBC0031993F /* URLImage */; };
		C4C487122492EC0B0031993F /* SceneModel.swift in Sources */ = {isa = PBXBuildFile; fileRef = C4C487112492EC0B0031993F /* SceneModel.swift */; };
		C4C64BD52488616F00F4DD53 /* PedalView.swift in Sources */ = {isa = PBXBuildFile; fileRef = C4C64BD42488616F00F4DD53 /* PedalView.swift */; };
		C4DEAAAB24A648BC00815EB8 /* SlidetoUnlockView.swift in Sources */ = {isa = PBXBuildFile; fileRef = C4DEAAAA24A648BC00815EB8 /* SlidetoUnlockView.swift */; };
		C4DEAAAD24A9F19800815EB8 /* NotificationBanner.swift in Sources */ = {isa = PBXBuildFile; fileRef = C4DEAAAC24A9F19700815EB8 /* NotificationBanner.swift */; };
		C4E9647524A3921C00CCEFC3 /* FXPane.swift in Sources */ = {isa = PBXBuildFile; fileRef = C4E9647424A3921C00CCEFC3 /* FXPane.swift */; };
		C4F866FF249030830068816E /* SessionView.swift in Sources */ = {isa = PBXBuildFile; fileRef = C4F866FE249030830068816E /* SessionView.swift */; };
		C4F867012490F9B90068816E /* DeviceModels.swift in Sources */ = {isa = PBXBuildFile; fileRef = C4F867002490F9B90068816E /* DeviceModels.swift */; };
/* End PBXBuildFile section */

/* Begin PBXFileReference section */
		C42FD0A32486744C00959C9C /* Velvet.app */ = {isa = PBXFileReference; explicitFileType = wrapper.application; includeInIndex = 0; path = Velvet.app; sourceTree = BUILT_PRODUCTS_DIR; };
		C42FD0A62486744C00959C9C /* AppDelegate.swift */ = {isa = PBXFileReference; lastKnownFileType = sourcecode.swift; path = AppDelegate.swift; sourceTree = "<group>"; };
		C42FD0A82486744C00959C9C /* SceneDelegate.swift */ = {isa = PBXFileReference; lastKnownFileType = sourcecode.swift; path = SceneDelegate.swift; sourceTree = "<group>"; };
		C42FD0AA2486744C00959C9C /* ContentView.swift */ = {isa = PBXFileReference; lastKnownFileType = sourcecode.swift; path = ContentView.swift; sourceTree = "<group>"; };
		C42FD0AC2486744E00959C9C /* Assets.xcassets */ = {isa = PBXFileReference; lastKnownFileType = folder.assetcatalog; path = Assets.xcassets; sourceTree = "<group>"; };
		C42FD0AF2486744E00959C9C /* Preview Assets.xcassets */ = {isa = PBXFileReference; lastKnownFileType = folder.assetcatalog; path = "Preview Assets.xcassets"; sourceTree = "<group>"; };
		C42FD0B22486744E00959C9C /* Base */ = {isa = PBXFileReference; lastKnownFileType = file.storyboard; name = Base; path = Base.lproj/LaunchScreen.storyboard; sourceTree = "<group>"; };
		C42FD0B42486744E00959C9C /* Info.plist */ = {isa = PBXFileReference; lastKnownFileType = text.plist.xml; path = Info.plist; sourceTree = "<group>"; };
		C4BC713424957EFF0022E3C1 /* EmitterView.swift */ = {isa = PBXFileReference; lastKnownFileType = sourcecode.swift; path = EmitterView.swift; sourceTree = "<group>"; };
		C4BC713724965B190022E3C1 /* Satisfaction.ttf */ = {isa = PBXFileReference; lastKnownFileType = file; path = Satisfaction.ttf; sourceTree = "<group>"; };
		C4BC71392496BF7F0022E3C1 /* Playground.swift */ = {isa = PBXFileReference; lastKnownFileType = sourcecode.swift; path = Playground.swift; sourceTree = "<group>"; };
		C4C4870A24929A9E0031993F /* ButtonStyles.swift */ = {isa = PBXFileReference; lastKnownFileType = sourcecode.swift; path = ButtonStyles.swift; sourceTree = "<group>"; };
		C4C4870C24929C340031993F /* Utilities.swift */ = {isa = PBXFileReference; lastKnownFileType = sourcecode.swift; path = Utilities.swift; sourceTree = "<group>"; };
		C4C487112492EC0B0031993F /* SceneModel.swift */ = {isa = PBXFileReference; lastKnownFileType = sourcecode.swift; path = SceneModel.swift; sourceTree = "<group>"; };
		C4C64BD42488616F00F4DD53 /* PedalView.swift */ = {isa = PBXFileReference; lastKnownFileType = sourcecode.swift; path = PedalView.swift; sourceTree = "<group>"; };
		C4DEAAAA24A648BC00815EB8 /* SlidetoUnlockView.swift */ = {isa = PBXFileReference; lastKnownFileType = sourcecode.swift; path = SlidetoUnlockView.swift; sourceTree = "<group>"; };
		C4DEAAAC24A9F19700815EB8 /* NotificationBanner.swift */ = {isa = PBXFileReference; lastKnownFileType = sourcecode.swift; path = NotificationBanner.swift; sourceTree = "<group>"; };
		C4E9647424A3921C00CCEFC3 /* FXPane.swift */ = {isa = PBXFileReference; lastKnownFileType = sourcecode.swift; path = FXPane.swift; sourceTree = "<group>"; };
		C4F866FE249030830068816E /* SessionView.swift */ = {isa = PBXFileReference; lastKnownFileType = sourcecode.swift; path = SessionView.swift; sourceTree = "<group>"; };
		C4F867002490F9B90068816E /* DeviceModels.swift */ = {isa = PBXFileReference; lastKnownFileType = sourcecode.swift; path = DeviceModels.swift; sourceTree = "<group>"; };
/* End PBXFileReference section */

/* Begin PBXFrameworksBuildPhase section */
		C42FD0A02486744C00959C9C /* Frameworks */ = {
			isa = PBXFrameworksBuildPhase;
			buildActionMask = 2147483647;
			files = (
				C4C4871024929FBC0031993F /* URLImage in Frameworks */,
			);
			runOnlyForDeploymentPostprocessing = 0;
		};
/* End PBXFrameworksBuildPhase section */

/* Begin PBXGroup section */
		C42FD09A2486744C00959C9C = {
			isa = PBXGroup;
			children = (
				C42FD0A52486744C00959C9C /* Velvet */,
				C42FD0A42486744C00959C9C /* Products */,
			);
			sourceTree = "<group>";
		};
		C42FD0A42486744C00959C9C /* Products */ = {
			isa = PBXGroup;
			children = (
				C42FD0A32486744C00959C9C /* Velvet.app */,
			);
			name = Products;
			sourceTree = "<group>";
		};
		C42FD0A52486744C00959C9C /* Velvet */ = {
			isa = PBXGroup;
			children = (
				C42FD0A62486744C00959C9C /* AppDelegate.swift */,
				C42FD0A82486744C00959C9C /* SceneDelegate.swift */,
				C4F867002490F9B90068816E /* DeviceModels.swift */,
				C42FD0AA2486744C00959C9C /* ContentView.swift */,
				C4F866FE249030830068816E /* SessionView.swift */,
				C4E9647424A3921C00CCEFC3 /* FXPane.swift */,
				C4BC71392496BF7F0022E3C1 /* Playground.swift */,
				C4C4870A24929A9E0031993F /* ButtonStyles.swift */,
				C4C487112492EC0B0031993F /* SceneModel.swift */,
				C4C4870C24929C340031993F /* Utilities.swift */,
				C4BC713424957EFF0022E3C1 /* EmitterView.swift */,
				C4DEAAAC24A9F19700815EB8 /* NotificationBanner.swift */,
				C4DEAAAA24A648BC00815EB8 /* SlidetoUnlockView.swift */,
				C4C64BD42488616F00F4DD53 /* PedalView.swift */,
				C42FD0AC2486744E00959C9C /* Assets.xcassets */,
				C42FD0B12486744E00959C9C /* LaunchScreen.storyboard */,
				C42FD0B42486744E00959C9C /* Info.plist */,
				C4BC713624965AA90022E3C1 /* Fonts */,
				C42FD0AE2486744E00959C9C /* Preview Content */,
			);
			path = Velvet;
			sourceTree = "<group>";
		};
		C42FD0AE2486744E00959C9C /* Preview Content */ = {
			isa = PBXGroup;
			children = (
				C42FD0AF2486744E00959C9C /* Preview Assets.xcassets */,
			);
			path = "Preview Content";
			sourceTree = "<group>";
		};
		C4BC713624965AA90022E3C1 /* Fonts */ = {
			isa = PBXGroup;
			children = (
				C4BC713724965B190022E3C1 /* Satisfaction.ttf */,
			);
			path = Fonts;
			sourceTree = "<group>";
		};
/* End PBXGroup section */

/* Begin PBXNativeTarget section */
		C42FD0A22486744C00959C9C /* Velvet */ = {
			isa = PBXNativeTarget;
			buildConfigurationList = C42FD0B72486744E00959C9C /* Build configuration list for PBXNativeTarget "Velvet" */;
			buildPhases = (
				C42FD09F2486744C00959C9C /* Sources */,
				C42FD0A02486744C00959C9C /* Frameworks */,
				C42FD0A12486744C00959C9C /* Resources */,
			);
			buildRules = (
			);
			dependencies = (
			);
			name = Velvet;
			packageProductDependencies = (
				C4C4870F24929FBC0031993F /* URLImage */,
			);
			productName = Velvet;
			productReference = C42FD0A32486744C00959C9C /* Velvet.app */;
			productType = "com.apple.product-type.application";
		};
/* End PBXNativeTarget section */

/* Begin PBXProject section */
		C42FD09B2486744C00959C9C /* Project object */ = {
			isa = PBXProject;
			attributes = {
				LastSwiftUpdateCheck = 1150;
				LastUpgradeCheck = 1200;
				ORGANIZATIONNAME = "Jerry Kress";
				TargetAttributes = {
					C42FD0A22486744C00959C9C = {
						CreatedOnToolsVersion = 11.5;
					};
				};
			};
			buildConfigurationList = C42FD09E2486744C00959C9C /* Build configuration list for PBXProject "Velvet" */;
			compatibilityVersion = "Xcode 9.3";
			developmentRegion = en;
			hasScannedForEncodings = 0;
			knownRegions = (
				en,
				Base,
			);
			mainGroup = C42FD09A2486744C00959C9C;
			packageReferences = (
				C4C4870E24929FBC0031993F /* XCRemoteSwiftPackageReference "url-image" */,
			);
			productRefGroup = C42FD0A42486744C00959C9C /* Products */;
			projectDirPath = "";
			projectRoot = "";
			targets = (
				C42FD0A22486744C00959C9C /* Velvet */,
			);
		};
/* End PBXProject section */

/* Begin PBXResourcesBuildPhase section */
		C42FD0A12486744C00959C9C /* Resources */ = {
			isa = PBXResourcesBuildPhase;
			buildActionMask = 2147483647;
			files = (
				C4BC713824965B190022E3C1 /* Satisfaction.ttf in Resources */,
				C42FD0B32486744E00959C9C /* LaunchScreen.storyboard in Resources */,
				C42FD0B02486744E00959C9C /* Preview Assets.xcassets in Resources */,
				C42FD0AD2486744E00959C9C /* Assets.xcassets in Resources */,
			);
			runOnlyForDeploymentPostprocessing = 0;
		};
/* End PBXResourcesBuildPhase section */

/* Begin PBXSourcesBuildPhase section */
		C42FD09F2486744C00959C9C /* Sources */ = {
			isa = PBXSourcesBuildPhase;
			buildActionMask = 2147483647;
			files = (
				C4BC713524957EFF0022E3C1 /* EmitterView.swift in Sources */,
				C4E9647524A3921C00CCEFC3 /* FXPane.swift in Sources */,
				C42FD0A72486744C00959C9C /* AppDelegate.swift in Sources */,
				C4F866FF249030830068816E /* SessionView.swift in Sources */,
				C4BC713A2496BF7F0022E3C1 /* Playground.swift in Sources */,
				C4DEAAAB24A648BC00815EB8 /* SlidetoUnlockView.swift in Sources */,
				C42FD0A92486744C00959C9C /* SceneDelegate.swift in Sources */,
				C42FD0AB2486744C00959C9C /* ContentView.swift in Sources */,
				C4DEAAAD24A9F19800815EB8 /* NotificationBanner.swift in Sources */,
				C4C4870B24929A9E0031993F /* ButtonStyles.swift in Sources */,
				C4C64BD52488616F00F4DD53 /* PedalView.swift in Sources */,
				C4C487122492EC0B0031993F /* SceneModel.swift in Sources */,
				C4C4870D24929C340031993F /* Utilities.swift in Sources */,
				C4F867012490F9B90068816E /* DeviceModels.swift in Sources */,
			);
			runOnlyForDeploymentPostprocessing = 0;
		};
/* End PBXSourcesBuildPhase section */

/* Begin PBXVariantGroup section */
		C42FD0B12486744E00959C9C /* LaunchScreen.storyboard */ = {
			isa = PBXVariantGroup;
			children = (
				C42FD0B22486744E00959C9C /* Base */,
			);
			name = LaunchScreen.storyboard;
			sourceTree = "<group>";
		};
/* End PBXVariantGroup section */

/* Begin XCBuildConfiguration section */
		C42FD0B52486744E00959C9C /* Debug */ = {
			isa = XCBuildConfiguration;
			buildSettings = {
				ALWAYS_SEARCH_USER_PATHS = NO;
				CLANG_ANALYZER_NONNULL = YES;
				CLANG_ANALYZER_NUMBER_OBJECT_CONVERSION = YES_AGGRESSIVE;
				CLANG_CXX_LANGUAGE_STANDARD = "gnu++14";
				CLANG_CXX_LIBRARY = "libc++";
				CLANG_ENABLE_MODULES = YES;
				CLANG_ENABLE_OBJC_ARC = YES;
				CLANG_ENABLE_OBJC_WEAK = YES;
				CLANG_WARN_BLOCK_CAPTURE_AUTORELEASING = YES;
				CLANG_WARN_BOOL_CONVERSION = YES;
				CLANG_WARN_COMMA = YES;
				CLANG_WARN_CONSTANT_CONVERSION = YES;
				CLANG_WARN_DEPRECATED_OBJC_IMPLEMENTATIONS = YES;
				CLANG_WARN_DIRECT_OBJC_ISA_USAGE = YES_ERROR;
				CLANG_WARN_DOCUMENTATION_COMMENTS = YES;
				CLANG_WARN_EMPTY_BODY = YES;
				CLANG_WARN_ENUM_CONVERSION = YES;
				CLANG_WARN_INFINITE_RECURSION = YES;
				CLANG_WARN_INT_CONVERSION = YES;
				CLANG_WARN_NON_LITERAL_NULL_CONVERSION = YES;
				CLANG_WARN_OBJC_IMPLICIT_RETAIN_SELF = YES;
				CLANG_WARN_OBJC_LITERAL_CONVERSION = YES;
				CLANG_WARN_OBJC_ROOT_CLASS = YES_ERROR;
				CLANG_WARN_QUOTED_INCLUDE_IN_FRAMEWORK_HEADER = YES;
				CLANG_WARN_RANGE_LOOP_ANALYSIS = YES;
				CLANG_WARN_STRICT_PROTOTYPES = YES;
				CLANG_WARN_SUSPICIOUS_MOVE = YES;
				CLANG_WARN_UNGUARDED_AVAILABILITY = YES_AGGRESSIVE;
				CLANG_WARN_UNREACHABLE_CODE = YES;
				CLANG_WARN__DUPLICATE_METHOD_MATCH = YES;
				COPY_PHASE_STRIP = NO;
				DEBUG_INFORMATION_FORMAT = dwarf;
				ENABLE_STRICT_OBJC_MSGSEND = YES;
				ENABLE_TESTABILITY = YES;
				GCC_C_LANGUAGE_STANDARD = gnu11;
				GCC_DYNAMIC_NO_PIC = NO;
				GCC_NO_COMMON_BLOCKS = YES;
				GCC_OPTIMIZATION_LEVEL = 0;
				GCC_PREPROCESSOR_DEFINITIONS = (
					"DEBUG=1",
					"$(inherited)",
				);
				GCC_WARN_64_TO_32_BIT_CONVERSION = YES;
				GCC_WARN_ABOUT_RETURN_TYPE = YES_ERROR;
				GCC_WARN_UNDECLARED_SELECTOR = YES;
				GCC_WARN_UNINITIALIZED_AUTOS = YES_AGGRESSIVE;
				GCC_WARN_UNUSED_FUNCTION = YES;
				GCC_WARN_UNUSED_VARIABLE = YES;
				IPHONEOS_DEPLOYMENT_TARGET = 14.0;
				MTL_ENABLE_DEBUG_INFO = INCLUDE_SOURCE;
				MTL_FAST_MATH = YES;
				ONLY_ACTIVE_ARCH = YES;
				SDKROOT = iphoneos;
				SWIFT_ACTIVE_COMPILATION_CONDITIONS = DEBUG;
				SWIFT_OPTIMIZATION_LEVEL = "-Onone";
			};
			name = Debug;
		};
		C42FD0B62486744E00959C9C /* Release */ = {
			isa = XCBuildConfiguration;
			buildSettings = {
				ALWAYS_SEARCH_USER_PATHS = NO;
				CLANG_ANALYZER_NONNULL = YES;
				CLANG_ANALYZER_NUMBER_OBJECT_CONVERSION = YES_AGGRESSIVE;
				CLANG_CXX_LANGUAGE_STANDARD = "gnu++14";
				CLANG_CXX_LIBRARY = "libc++";
				CLANG_ENABLE_MODULES = YES;
				CLANG_ENABLE_OBJC_ARC = YES;
				CLANG_ENABLE_OBJC_WEAK = YES;
				CLANG_WARN_BLOCK_CAPTURE_AUTORELEASING = YES;
				CLANG_WARN_BOOL_CONVERSION = YES;
				CLANG_WARN_COMMA = YES;
				CLANG_WARN_CONSTANT_CONVERSION = YES;
				CLANG_WARN_DEPRECATED_OBJC_IMPLEMENTATIONS = YES;
				CLANG_WARN_DIRECT_OBJC_ISA_USAGE = YES_ERROR;
				CLANG_WARN_DOCUMENTATION_COMMENTS = YES;
				CLANG_WARN_EMPTY_BODY = YES;
				CLANG_WARN_ENUM_CONVERSION = YES;
				CLANG_WARN_INFINITE_RECURSION = YES;
				CLANG_WARN_INT_CONVERSION = YES;
				CLANG_WARN_NON_LITERAL_NULL_CONVERSION = YES;
				CLANG_WARN_OBJC_IMPLICIT_RETAIN_SELF = YES;
				CLANG_WARN_OBJC_LITERAL_CONVERSION = YES;
				CLANG_WARN_OBJC_ROOT_CLASS = YES_ERROR;
				CLANG_WARN_QUOTED_INCLUDE_IN_FRAMEWORK_HEADER = YES;
				CLANG_WARN_RANGE_LOOP_ANALYSIS = YES;
				CLANG_WARN_STRICT_PROTOTYPES = YES;
				CLANG_WARN_SUSPICIOUS_MOVE = YES;
				CLANG_WARN_UNGUARDED_AVAILABILITY = YES_AGGRESSIVE;
				CLANG_WARN_UNREACHABLE_CODE = YES;
				CLANG_WARN__DUPLICATE_METHOD_MATCH = YES;
				COPY_PHASE_STRIP = NO;
				DEBUG_INFORMATION_FORMAT = "dwarf-with-dsym";
				ENABLE_NS_ASSERTIONS = NO;
				ENABLE_STRICT_OBJC_MSGSEND = YES;
				GCC_C_LANGUAGE_STANDARD = gnu11;
				GCC_NO_COMMON_BLOCKS = YES;
				GCC_WARN_64_TO_32_BIT_CONVERSION = YES;
				GCC_WARN_ABOUT_RETURN_TYPE = YES_ERROR;
				GCC_WARN_UNDECLARED_SELECTOR = YES;
				GCC_WARN_UNINITIALIZED_AUTOS = YES_AGGRESSIVE;
				GCC_WARN_UNUSED_FUNCTION = YES;
				GCC_WARN_UNUSED_VARIABLE = YES;
				IPHONEOS_DEPLOYMENT_TARGET = 14.0;
				MTL_ENABLE_DEBUG_INFO = NO;
				MTL_FAST_MATH = YES;
				SDKROOT = iphoneos;
				SWIFT_COMPILATION_MODE = wholemodule;
				SWIFT_OPTIMIZATION_LEVEL = "-O";
				VALIDATE_PRODUCT = YES;
			};
			name = Release;
		};
		C42FD0B82486744E00959C9C /* Debug */ = {
			isa = XCBuildConfiguration;
			buildSettings = {
				ASSETCATALOG_COMPILER_APPICON_NAME = AppIcon;
				CODE_SIGN_STYLE = Automatic;
				DEVELOPMENT_ASSET_PATHS = "\"Velvet/Preview Content\"";
				DEVELOPMENT_TEAM = N9U5354858;
				ENABLE_PREVIEWS = YES;
				INFOPLIST_FILE = Velvet/Info.plist;
				LD_RUNPATH_SEARCH_PATHS = (
					"$(inherited)",
					"@executable_path/Frameworks",
				);
				PRODUCT_BUNDLE_IDENTIFIER = com.jerrykress.Velvet;
				PRODUCT_NAME = "$(TARGET_NAME)";
				SWIFT_VERSION = 5.0;
				TARGETED_DEVICE_FAMILY = "1,2";
			};
			name = Debug;
		};
		C42FD0B92486744E00959C9C /* Release */ = {
			isa = XCBuildConfiguration;
			buildSettings = {
				ASSETCATALOG_COMPILER_APPICON_NAME = AppIcon;
				CODE_SIGN_STYLE = Automatic;
				DEVELOPMENT_ASSET_PATHS = "\"Velvet/Preview Content\"";
				DEVELOPMENT_TEAM = N9U5354858;
				ENABLE_PREVIEWS = YES;
				INFOPLIST_FILE = Velvet/Info.plist;
				LD_RUNPATH_SEARCH_PATHS = (
					"$(inherited)",
					"@executable_path/Frameworks",
				);
				PRODUCT_BUNDLE_IDENTIFIER = com.jerrykress.Velvet;
				PRODUCT_NAME = "$(TARGET_NAME)";
				SWIFT_VERSION = 5.0;
				TARGETED_DEVICE_FAMILY = "1,2";
			};
			name = Release;
		};
/* End XCBuildConfiguration section */

/* Begin XCConfigurationList section */
		C42FD09E2486744C00959C9C /* Build configuration list for PBXProject "Velvet" */ = {
			isa = XCConfigurationList;
			buildConfigurations = (
				C42FD0B52486744E00959C9C /* Debug */,
				C42FD0B62486744E00959C9C /* Release */,
			);
			defaultConfigurationIsVisible = 0;
			defaultConfigurationName = Release;
		};
		C42FD0B72486744E00959C9C /* Build configuration list for PBXNativeTarget "Velvet" */ = {
			isa = XCConfigurationList;
			buildConfigurations = (
				C42FD0B82486744E00959C9C /* Debug */,
				C42FD0B92486744E00959C9C /* Release */,
			);
			defaultConfigurationIsVisible = 0;
			defaultConfigurationName = Release;
		};
/* End XCConfigurationList section */

/* Begin XCRemoteSwiftPackageReference section */
		C4C4870E24929FBC0031993F /* XCRemoteSwiftPackageReference "url-image" */ = {
			isa = XCRemoteSwiftPackageReference;
			repositoryURL = "https://github.com/dmytro-anokhin/url-image.git";
			requirement = {
				kind = upToNextMajorVersion;
				minimumVersion = 0.9.15;
			};
		};
/* End XCRemoteSwiftPackageReference section */

/* Begin XCSwiftPackageProductDependency section */
		C4C4870F24929FBC0031993F /* URLImage */ = {
			isa = XCSwiftPackageProductDependency;
			package = C4C4870E24929FBC0031993F /* XCRemoteSwiftPackageReference "url-image" */;
			productName = URLImage;
		};
/* End XCSwiftPackageProductDependency section */
	};
	rootObject = C42FD09B2486744C00959C9C /* Project object */;
}
